
Microsoft Visual Studio Solution File, Format Version 12.00
# Visual Studio Version 17
VisualStudioVersion = 17.1.32328.378
MinimumVisualStudioVersion = 10.0.40219.1
Project("{9A19103F-16F7-4668-BE54-9A1E7A4F7556}") = "GenericRepoPattern", "GenericRepoPattern.csproj", "{EED335FB-B782-4557-A889-84D4E1F71846}"
EndProject
Global
	GlobalSection(SolutionConfigurationPlatforms) = preSolution
		Debug|Any CPU = Debug|Any CPU
		Release|Any CPU = Release|Any CPU
	EndGlobalSection
	GlobalSection(ProjectConfigurationPlatforms) = postSolution
		{EED335FB-B782-4557-A889-84D4E1F71846}.Debug|Any CPU.ActiveCfg = Debug|Any CPU
		{EED335FB-B782-4557-A889-84D4E1F71846}.Debug|Any CPU.Build.0 = Debug|Any CPU
		{EED335FB-B782-4557-A889-84D4E1F71846}.Release|Any CPU.ActiveCfg = Release|Any CPU
		{EED335FB-B782-4557-A889-84D4E1F71846}.Release|Any CPU.Build.0 = Release|Any CPU
	EndGlobalSection
	GlobalSection(SolutionProperties) = preSolution
		HideSolutionNode = FALSE
	EndGlobalSection
	GlobalSection(ExtensibilityGlobals) = postSolution
		SolutionGuid = {705EB85D-0E95-4DF5-84F5-4B7834B6C782}
	EndGlobalSection
EndGlobal
